
Microsoft Visual Studio Solution File, Format Version 12.00
# Visual Studio 15
VisualStudioVersion = 15.0.28307.1684
MinimumVisualStudioVersion = 10.0.40219.1
Project("{FAE04EC0-301F-11D3-BF4B-00C04F79EFBC}") = "MVVM", "MVVM\MVVM.csproj", "{503B13F4-ADD7-4052-B5DC-21498660B65E}"
EndProject
Global
	GlobalSection(SolutionConfigurationPlatforms) = preSolution
		Debug|Any CPU = Debug|Any CPU
		Release|Any CPU = Release|Any CPU
	EndGlobalSection
	GlobalSection(ProjectConfigurationPlatforms) = postSolution
		{503B13F4-ADD7-4052-B5DC-21498660B65E}.Debug|Any CPU.ActiveCfg = Debug|Any CPU
		{503B13F4-ADD7-4052-B5DC-21498660B65E}.Debug|Any CPU.Build.0 = Debug|Any CPU
		{503B13F4-ADD7-4052-B5DC-21498660B65E}.Release|Any CPU.ActiveCfg = Release|Any CPU
		{503B13F4-ADD7-4052-B5DC-21498660B65E}.Release|Any CPU.Build.0 = Release|Any CPU
	EndGlobalSection
	GlobalSection(SolutionProperties) = preSolution
		HideSolutionNode = FALSE
	EndGlobalSection
	GlobalSection(ExtensibilityGlobals) = postSolution
		SolutionGuid = {D69AE8B9-C5DE-4887-9E73-AC0FD5F79FFE}
	EndGlobalSection
EndGlobal
